
Microsoft Visual Studio Solution File, Format Version 12.00
# Visual Studio 15
VisualStudioVersion = 15.0.28307.271
MinimumVisualStudioVersion = 10.0.40219.1
Project("{FAE04EC0-301F-11D3-BF4B-00C04F79EFBC}") = "PriceWatcher", "PriceWatcher\PriceWatcher.csproj", "{E0619FB3-B30B-41A3-8C31-C597079A5CD4}"
EndProject
Global
	GlobalSection(SolutionConfigurationPlatforms) = preSolution
		Debug|Any CPU = Debug|Any CPU
		Release|Any CPU = Release|Any CPU
	EndGlobalSection
	GlobalSection(ProjectConfigurationPlatforms) = postSolution
		{E0619FB3-B30B-41A3-8C31-C597079A5CD4}.Debug|Any CPU.ActiveCfg = Debug|Any CPU
		{E0619FB3-B30B-41A3-8C31-C597079A5CD4}.Debug|Any CPU.Build.0 = Debug|Any CPU
		{E0619FB3-B30B-41A3-8C31-C597079A5CD4}.Release|Any CPU.ActiveCfg = Release|Any CPU
		{E0619FB3-B30B-41A3-8C31-C597079A5CD4}.Release|Any CPU.Build.0 = Release|Any CPU
	EndGlobalSection
	GlobalSection(SolutionProperties) = preSolution
		HideSolutionNode = FALSE
	EndGlobalSection
	GlobalSection(ExtensibilityGlobals) = postSolution
		SolutionGuid = {3D0AB93E-339D-4CE1-B58F-01C36F9ED99C}
	EndGlobalSection
EndGlobal
